
Microsoft Visual Studio Solution File, Format Version 12.00
# Visual Studio Version 17
VisualStudioVersion = 17.7.34202.233
MinimumVisualStudioVersion = 10.0.40219.1
Project("{9A19103F-16F7-4668-BE54-9A1E7A4F7556}") = "CarRentalManagement.Server", "CarRentalManagement\Server\CarRentalManagement.Server.csproj", "{5DD86C9F-9D43-4315-AE29-DADB2AAC2D99}"
EndProject
Project("{9A19103F-16F7-4668-BE54-9A1E7A4F7556}") = "CarRentalManagement.Client", "CarRentalManagement\Client\CarRentalManagement.Client.csproj", "{4DA2DDEC-AEDD-4F64-8476-B1C23DA2B784}"
EndProject
Project("{9A19103F-16F7-4668-BE54-9A1E7A4F7556}") = "CarRentalManagement.Shared", "CarRentalManagement\Shared\CarRentalManagement.Shared.csproj", "{A7B8904C-3963-4EC5-8AE0-E6D2576B906D}"
EndProject
Global
	GlobalSection(SolutionConfigurationPlatforms) = preSolution
		Debug|Any CPU = Debug|Any CPU
		Release|Any CPU = Release|Any CPU
	EndGlobalSection
	GlobalSection(ProjectConfigurationPlatforms) = postSolution
		{5DD86C9F-9D43-4315-AE29-DADB2AAC2D99}.Debug|Any CPU.ActiveCfg = Debug|Any CPU
		{5DD86C9F-9D43-4315-AE29-DADB2AAC2D99}.Debug|Any CPU.Build.0 = Debug|Any CPU
		{5DD86C9F-9D43-4315-AE29-DADB2AAC2D99}.Release|Any CPU.ActiveCfg = Release|Any CPU
		{5DD86C9F-9D43-4315-AE29-DADB2AAC2D99}.Release|Any CPU.Build.0 = Release|Any CPU
		{4DA2DDEC-AEDD-4F64-8476-B1C23DA2B784}.Debug|Any CPU.ActiveCfg = Debug|Any CPU
		{4DA2DDEC-AEDD-4F64-8476-B1C23DA2B784}.Debug|Any CPU.Build.0 = Debug|Any CPU
		{4DA2DDEC-AEDD-4F64-8476-B1C23DA2B784}.Release|Any CPU.ActiveCfg = Release|Any CPU
		{4DA2DDEC-AEDD-4F64-8476-B1C23DA2B784}.Release|Any CPU.Build.0 = Release|Any CPU
		{A7B8904C-3963-4EC5-8AE0-E6D2576B906D}.Debug|Any CPU.ActiveCfg = Debug|Any CPU
		{A7B8904C-3963-4EC5-8AE0-E6D2576B906D}.Debug|Any CPU.Build.0 = Debug|Any CPU
		{A7B8904C-3963-4EC5-8AE0-E6D2576B906D}.Release|Any CPU.ActiveCfg = Release|Any CPU
		{A7B8904C-3963-4EC5-8AE0-E6D2576B906D}.Release|Any CPU.Build.0 = Release|Any CPU
	EndGlobalSection
	GlobalSection(SolutionProperties) = preSolution
		HideSolutionNode = FALSE
	EndGlobalSection
	GlobalSection(ExtensibilityGlobals) = postSolution
		SolutionGuid = {54CF0CE2-33BC-4088-AE90-0241F19D9844}
	EndGlobalSection
EndGlobal
